
Microsoft Visual Studio Solution File, Format Version 12.00
# Visual Studio Version 17
VisualStudioVersion = 17.6.33723.286
MinimumVisualStudioVersion = 10.0.40219.1
Project("{9A19103F-16F7-4668-BE54-9A1E7A4F7556}") = "sflistview_demo", "sflistview_demo\sflistview_demo.csproj", "{2AA4FEAA-6F93-46E6-B0C3-6AF9581D48AE}"
EndProject
Global
	GlobalSection(SolutionConfigurationPlatforms) = preSolution
		Debug|Any CPU = Debug|Any CPU
		Release|Any CPU = Release|Any CPU
	EndGlobalSection
	GlobalSection(ProjectConfigurationPlatforms) = postSolution
		{2AA4FEAA-6F93-46E6-B0C3-6AF9581D48AE}.Debug|Any CPU.ActiveCfg = Debug|Any CPU
		{2AA4FEAA-6F93-46E6-B0C3-6AF9581D48AE}.Debug|Any CPU.Build.0 = Debug|Any CPU
		{2AA4FEAA-6F93-46E6-B0C3-6AF9581D48AE}.Debug|Any CPU.Deploy.0 = Debug|Any CPU
		{2AA4FEAA-6F93-46E6-B0C3-6AF9581D48AE}.Release|Any CPU.ActiveCfg = Release|Any CPU
		{2AA4FEAA-6F93-46E6-B0C3-6AF9581D48AE}.Release|Any CPU.Build.0 = Release|Any CPU
		{2AA4FEAA-6F93-46E6-B0C3-6AF9581D48AE}.Release|Any CPU.Deploy.0 = Release|Any CPU
	EndGlobalSection
	GlobalSection(SolutionProperties) = preSolution
		HideSolutionNode = FALSE
	EndGlobalSection
	GlobalSection(ExtensibilityGlobals) = postSolution
		SolutionGuid = {873DFF09-0068-42E2-A450-D19F36D46719}
	EndGlobalSection
EndGlobal
